// !$*UTF8*$!
{
	archiveVersion = 1;
	classes = {
	};
	objectVersion = 46;
	objects = {

/* Begin PBXBuildFile section */
		722FD23E1A9F260D00C6BD96 /* AppDelegate.swift in Sources */ = {isa = PBXBuildFile; fileRef = 722FD23D1A9F260D00C6BD96 /* AppDelegate.swift */; };
		722FD2401A9F260D00C6BD96 /* ViewController.swift in Sources */ = {isa = PBXBuildFile; fileRef = 722FD23F1A9F260D00C6BD96 /* ViewController.swift */; };
		722FD2431A9F260D00C6BD96 /* Main.storyboard in Resources */ = {isa = PBXBuildFile; fileRef = 722FD2411A9F260D00C6BD96 /* Main.storyboard */; };
		722FD2451A9F260D00C6BD96 /* Images.xcassets in Resources */ = {isa = PBXBuildFile; fileRef = 722FD2441A9F260D00C6BD96 /* Images.xcassets */; };
		722FD2481A9F260D00C6BD96 /* LaunchScreen.xib in Resources */ = {isa = PBXBuildFile; fileRef = 722FD2461A9F260D00C6BD96 /* LaunchScreen.xib */; };
		722FD25E1A9F26CD00C6BD96 /* BaseConverter.swift in Sources */ = {isa = PBXBuildFile; fileRef = 722FD25D1A9F26CD00C6BD96 /* BaseConverter.swift */; };
		722FD25F1A9F26CD00C6BD96 /* BaseConverter.swift in Sources */ = {isa = PBXBuildFile; fileRef = 722FD25D1A9F26CD00C6BD96 /* BaseConverter.swift */; };
		722FD2611A9F26DE00C6BD96 /* BaseConverterTest.swift in Sources */ = {isa = PBXBuildFile; fileRef = 722FD2601A9F26DE00C6BD96 /* BaseConverterTest.swift */; };
/* End PBXBuildFile section */

/* Begin PBXContainerItemProxy section */
		722FD24E1A9F260D00C6BD96 /* PBXContainerItemProxy */ = {
			isa = PBXContainerItemProxy;
			containerPortal = 722FD2301A9F260D00C6BD96 /* Project object */;
			proxyType = 1;
			remoteGlobalIDString = 722FD2371A9F260D00C6BD96;
			remoteInfo = Assignment2;
		};
/* End PBXContainerItemProxy section */

/* Begin PBXFileReference section */
		722FD2381A9F260D00C6BD96 /* Assignment2.app */ = {isa = PBXFileReference; explicitFileType = wrapper.application; includeInIndex = 0; path = Assignment2.app; sourceTree = BUILT_PRODUCTS_DIR; };
		722FD23C1A9F260D00C6BD96 /* Info.plist */ = {isa = PBXFileReference; lastKnownFileType = text.plist.xml; path = Info.plist; sourceTree = "<group>"; };
		722FD23D1A9F260D00C6BD96 /* AppDelegate.swift */ = {isa = PBXFileReference; lastKnownFileType = sourcecode.swift; path = AppDelegate.swift; sourceTree = "<group>"; };
		722FD23F1A9F260D00C6BD96 /* ViewController.swift */ = {isa = PBXFileReference; lastKnownFileType = sourcecode.swift; path = ViewController.swift; sourceTree = "<group>"; };
		722FD2421A9F260D00C6BD96 /* Base */ = {isa = PBXFileReference; lastKnownFileType = file.storyboard; name = Base; path = Base.lproj/Main.storyboard; sourceTree = "<group>"; };
		722FD2441A9F260D00C6BD96 /* Images.xcassets */ = {isa = PBXFileReference; lastKnownFileType = folder.assetcatalog; path = Images.xcassets; sourceTree = "<group>"; };
		722FD2471A9F260D00C6BD96 /* Base */ = {isa = PBXFileReference; lastKnownFileType = file.xib; name = Base; path = Base.lproj/LaunchScreen.xib; sourceTree = "<group>"; };
		722FD24D1A9F260D00C6BD96 /* Assignment2Tests.xctest */ = {isa = PBXFileReference; explicitFileType = wrapper.cfbundle; includeInIndex = 0; path = Assignment2Tests.xctest; sourceTree = BUILT_PRODUCTS_DIR; };
		722FD2521A9F260D00C6BD96 /* Info.plist */ = {isa = PBXFileReference; lastKnownFileType = text.plist.xml; path = Info.plist; sourceTree = "<group>"; };
		722FD25D1A9F26CD00C6BD96 /* BaseConverter.swift */ = {isa = PBXFileReference; fileEncoding = 4; lastKnownFileType = sourcecode.swift; path = BaseConverter.swift; sourceTree = "<group>"; };
		722FD2601A9F26DE00C6BD96 /* BaseConverterTest.swift */ = {isa = PBXFileReference; fileEncoding = 4; lastKnownFileType = sourcecode.swift; path = BaseConverterTest.swift; sourceTree = "<group>"; };
/* End PBXFileReference section */

/* Begin PBXFrameworksBuildPhase section */
		722FD2351A9F260D00C6BD96 /* Frameworks */ = {
			isa = PBXFrameworksBuildPhase;
			buildActionMask = 2147483647;
			files = (
			);
			runOnlyForDeploymentPostprocessing = 0;
		};
		722FD24A1A9F260D00C6BD96 /* Frameworks */ = {
			isa = PBXFrameworksBuildPhase;
			buildActionMask = 2147483647;
			files = (
			);
			runOnlyForDeploymentPostprocessing = 0;
		};
/* End PBXFrameworksBuildPhase section */

/* Begin PBXGroup section */
		722FD22F1A9F260D00C6BD96 = {
			isa = PBXGroup;
			children = (
				722FD23A1A9F260D00C6BD96 /* Assignment2 */,
				722FD2501A9F260D00C6BD96 /* Assignment2Tests */,
				722FD2391A9F260D00C6BD96 /* Products */,
			);
			sourceTree = "<group>";
		};
		722FD2391A9F260D00C6BD96 /* Products */ = {
			isa = PBXGroup;
			children = (
				722FD2381A9F260D00C6BD96 /* Assignment2.app */,
				722FD24D1A9F260D00C6BD96 /* Assignment2Tests.xctest */,
			);
			name = Products;
			sourceTree = "<group>";
		};
		722FD23A1A9F260D00C6BD96 /* Assignment2 */ = {
			isa = PBXGroup;
			children = (
				722FD25D1A9F26CD00C6BD96 /* BaseConverter.swift */,
				722FD23D1A9F260D00C6BD96 /* AppDelegate.swift */,
				722FD23F1A9F260D00C6BD96 /* ViewController.swift */,
				722FD2411A9F260D00C6BD96 /* Main.storyboard */,
				722FD2441A9F260D00C6BD96 /* Images.xcassets */,
				722FD2461A9F260D00C6BD96 /* LaunchScreen.xib */,
				722FD23B1A9F260D00C6BD96 /* Supporting Files */,
			);
			path = Assignment2;
			sourceTree = "<group>";
		};
		722FD23B1A9F260D00C6BD96 /* Supporting Files */ = {
			isa = PBXGroup;
			children = (
				722FD23C1A9F260D00C6BD96 /* Info.plist */,
			);
			name = "Supporting Files";
			sourceTree = "<group>";
		};
		722FD2501A9F260D00C6BD96 /* Assignment2Tests */ = {
			isa = PBXGroup;
			children = (
				722FD2601A9F26DE00C6BD96 /* BaseConverterTest.swift */,
				722FD2511A9F260D00C6BD96 /* Supporting Files */,
			);
			path = Assignment2Tests;
			sourceTree = "<group>";
		};
		722FD2511A9F260D00C6BD96 /* Supporting Files */ = {
			isa = PBXGroup;
			children = (
				722FD2521A9F260D00C6BD96 /* Info.plist */,
			);
			name = "Supporting Files";
			sourceTree = "<group>";
		};
/* End PBXGroup section */

/* Begin PBXNativeTarget section */
		722FD2371A9F260D00C6BD96 /* Assignment2 */ = {
			isa = PBXNativeTarget;
			buildConfigurationList = 722FD2571A9F260D00C6BD96 /* Build configuration list for PBXNativeTarget "Assignment2" */;
			buildPhases = (
				722FD2341A9F260D00C6BD96 /* Sources */,
				722FD2351A9F260D00C6BD96 /* Frameworks */,
				722FD2361A9F260D00C6BD96 /* Resources */,
			);
			buildRules = (
			);
			dependencies = (
			);
			name = Assignment2;
			productName = Assignment2;
			productReference = 722FD2381A9F260D00C6BD96 /* Assignment2.app */;
			productType = "com.apple.product-type.application";
		};
		722FD24C1A9F260D00C6BD96 /* Assignment2Tests */ = {
			isa = PBXNativeTarget;
			buildConfigurationList = 722FD25A1A9F260D00C6BD96 /* Build configuration list for PBXNativeTarget "Assignment2Tests" */;
			buildPhases = (
				722FD2491A9F260D00C6BD96 /* Sources */,
				722FD24A1A9F260D00C6BD96 /* Frameworks */,
				722FD24B1A9F260D00C6BD96 /* Resources */,
			);
			buildRules = (
			);
			dependencies = (
				722FD24F1A9F260D00C6BD96 /* PBXTargetDependency */,
			);
			name = Assignment2Tests;
			productName = Assignment2Tests;
			productReference = 722FD24D1A9F260D00C6BD96 /* Assignment2Tests.xctest */;
			productType = "com.apple.product-type.bundle.unit-test";
		};
/* End PBXNativeTarget section */

/* Begin PBXProject section */
		722FD2301A9F260D00C6BD96 /* Project object */ = {
			isa = PBXProject;
			attributes = {
				LastUpgradeCheck = 0610;
				ORGANIZATIONNAME = "Jack McCracken";
				TargetAttributes = {
					722FD2371A9F260D00C6BD96 = {
						CreatedOnToolsVersion = 6.1.1;
					};
					722FD24C1A9F260D00C6BD96 = {
						CreatedOnToolsVersion = 6.1.1;
						TestTargetID = 722FD2371A9F260D00C6BD96;
					};
				};
			};
			buildConfigurationList = 722FD2331A9F260D00C6BD96 /* Build configuration list for PBXProject "Assignment2" */;
			compatibilityVersion = "Xcode 3.2";
			developmentRegion = English;
			hasScannedForEncodings = 0;
			knownRegions = (
				en,
				Base,
			);
			mainGroup = 722FD22F1A9F260D00C6BD96;
			productRefGroup = 722FD2391A9F260D00C6BD96 /* Products */;
			projectDirPath = "";
			projectRoot = "";
			targets = (
				722FD2371A9F260D00C6BD96 /* Assignment2 */,
				722FD24C1A9F260D00C6BD96 /* Assignment2Tests */,
			);
		};
/* End PBXProject section */

/* Begin PBXResourcesBuildPhase section */
		722FD2361A9F260D00C6BD96 /* Resources */ = {
			isa = PBXResourcesBuildPhase;
			buildActionMask = 2147483647;
			files = (
				722FD2431A9F260D00C6BD96 /* Main.storyboard in Resources */,
				722FD2481A9F260D00C6BD96 /* LaunchScreen.xib in Resources */,
				722FD2451A9F260D00C6BD96 /* Images.xcassets in Resources */,
			);
			runOnlyForDeploymentPostprocessing = 0;
		};
		722FD24B1A9F260D00C6BD96 /* Resources */ = {
			isa = PBXResourcesBuildPhase;
			buildActionMask = 2147483647;
			files = (
			);
			runOnlyForDeploymentPostprocessing = 0;
		};
/* End PBXResourcesBuildPhase section */

/* Begin PBXSourcesBuildPhase section */
		722FD2341A9F260D00C6BD96 /* Sources */ = {
			isa = PBXSourcesBuildPhase;
			buildActionMask = 2147483647;
			files = (
				722FD2401A9F260D00C6BD96 /* ViewController.swift in Sources */,
				722FD23E1A9F260D00C6BD96 /* AppDelegate.swift in Sources */,
				722FD25E1A9F26CD00C6BD96 /* BaseConverter.swift in Sources */,
			);
			runOnlyForDeploymentPostprocessing = 0;
		};
		722FD2491A9F260D00C6BD96 /* Sources */ = {
			isa = PBXSourcesBuildPhase;
			buildActionMask = 2147483647;
			files = (
				722FD2611A9F26DE00C6BD96 /* BaseConverterTest.swift in Sources */,
				722FD25F1A9F26CD00C6BD96 /* BaseConverter.swift in Sources */,
			);
			runOnlyForDeploymentPostprocessing = 0;
		};
/* End PBXSourcesBuildPhase section */

/* Begin PBXTargetDependency section */
		722FD24F1A9F260D00C6BD96 /* PBXTargetDependency */ = {
			isa = PBXTargetDependency;
			target = 722FD2371A9F260D00C6BD96 /* Assignment2 */;
			targetProxy = 722FD24E1A9F260D00C6BD96 /* PBXContainerItemProxy */;
		};
/* End PBXTargetDependency section */

/* Begin PBXVariantGroup section */
		722FD2411A9F260D00C6BD96 /* Main.storyboard */ = {
			isa = PBXVariantGroup;
			children = (
				722FD2421A9F260D00C6BD96 /* Base */,
			);
			name = Main.storyboard;
			sourceTree = "<group>";
		};
		722FD2461A9F260D00C6BD96 /* LaunchScreen.xib */ = {
			isa = PBXVariantGroup;
			children = (
				722FD2471A9F260D00C6BD96 /* Base */,
			);
			name = LaunchScreen.xib;
			sourceTree = "<group>";
		};
/* End PBXVariantGroup section */

/* Begin XCBuildConfiguration section */
		722FD2551A9F260D00C6BD96 /* Debug */ = {
			isa = XCBuildConfiguration;
			buildSettings = {
				ALWAYS_SEARCH_USER_PATHS = NO;
				CLANG_CXX_LANGUAGE_STANDARD = "gnu++0x";
				CLANG_CXX_LIBRARY = "libc++";
				CLANG_ENABLE_MODULES = YES;
				CLANG_ENABLE_OBJC_ARC = YES;
				CLANG_WARN_BOOL_CONVERSION = YES;
				CLANG_WARN_CONSTANT_CONVERSION = YES;
				CLANG_WARN_DIRECT_OBJC_ISA_USAGE = YES_ERROR;
				CLANG_WARN_EMPTY_BODY = YES;
				CLANG_WARN_ENUM_CONVERSION = YES;
				CLANG_WARN_INT_CONVERSION = YES;
				CLANG_WARN_OBJC_ROOT_CLASS = YES_ERROR;
				CLANG_WARN_UNREACHABLE_CODE = YES;
				CLANG_WARN__DUPLICATE_METHOD_MATCH = YES;
				"CODE_SIGN_IDENTITY[sdk=iphoneos*]" = "iPhone Developer";
				COPY_PHASE_STRIP = NO;
				ENABLE_STRICT_OBJC_MSGSEND = YES;
				GCC_C_LANGUAGE_STANDARD = gnu99;
				GCC_DYNAMIC_NO_PIC = NO;
				GCC_OPTIMIZATION_LEVEL = 0;
				GCC_PREPROCESSOR_DEFINITIONS = (
					"DEBUG=1",
					"$(inherited)",
				);
				GCC_SYMBOLS_PRIVATE_EXTERN = NO;
				GCC_WARN_64_TO_32_BIT_CONVERSION = YES;
				GCC_WARN_ABOUT_RETURN_TYPE = YES_ERROR;
				GCC_WARN_UNDECLARED_SELECTOR = YES;
				GCC_WARN_UNINITIALIZED_AUTOS = YES_AGGRESSIVE;
				GCC_WARN_UNUSED_FUNCTION = YES;
				GCC_WARN_UNUSED_VARIABLE = YES;
				IPHONEOS_DEPLOYMENT_TARGET = 8.1;
				MTL_ENABLE_DEBUG_INFO = YES;
				ONLY_ACTIVE_ARCH = YES;
				SDKROOT = iphoneos;
				SWIFT_OPTIMIZATION_LEVEL = "-Onone";
				TARGETED_DEVICE_FAMILY = "1,2";
			};
			name = Debug;
		};
		722FD2561A9F260D00C6BD96 /* Release */ = {
			isa = XCBuildConfiguration;
			buildSettings = {
				ALWAYS_SEARCH_USER_PATHS = NO;
				CLANG_CXX_LANGUAGE_STANDARD = "gnu++0x";
				CLANG_CXX_LIBRARY = "libc++";
				CLANG_ENABLE_MODULES = YES;
				CLANG_ENABLE_OBJC_ARC = YES;
				CLANG_WARN_BOOL_CONVERSION = YES;
				CLANG_WARN_CONSTANT_CONVERSION = YES;
				CLANG_WARN_DIRECT_OBJC_ISA_USAGE = YES_ERROR;
				CLANG_WARN_EMPTY_BODY = YES;
				CLANG_WARN_ENUM_CONVERSION = YES;
				CLANG_WARN_INT_CONVERSION = YES;
				CLANG_WARN_OBJC_ROOT_CLASS = YES_ERROR;
				CLANG_WARN_UNREACHABLE_CODE = YES;
				CLANG_WARN__DUPLICATE_METHOD_MATCH = YES;
				"CODE_SIGN_IDENTITY[sdk=iphoneos*]" = "iPhone Developer";
				COPY_PHASE_STRIP = YES;
				ENABLE_NS_ASSERTIONS = NO;
				ENABLE_STRICT_OBJC_MSGSEND = YES;
				GCC_C_LANGUAGE_STANDARD = gnu99;
				GCC_WARN_64_TO_32_BIT_CONVERSION = YES;
				GCC_WARN_ABOUT_RETURN_TYPE = YES_ERROR;
				GCC_WARN_UNDECLARED_SELECTOR = YES;
				GCC_WARN_UNINITIALIZED_AUTOS = YES_AGGRESSIVE;
				GCC_WARN_UNUSED_FUNCTION = YES;
				GCC_WARN_UNUSED_VARIABLE = YES;
				IPHONEOS_DEPLOYMENT_TARGET = 8.1;
				MTL_ENABLE_DEBUG_INFO = NO;
				SDKROOT = iphoneos;
				TARGETED_DEVICE_FAMILY = "1,2";
				VALIDATE_PRODUCT = YES;
			};
			name = Release;
		};
		722FD2581A9F260D00C6BD96 /* Debug */ = {
			isa = XCBuildConfiguration;
			buildSettings = {
				ASSETCATALOG_COMPILER_APPICON_NAME = AppIcon;
				INFOPLIST_FILE = Assignment2/Info.plist;
				LD_RUNPATH_SEARCH_PATHS = "$(inherited) @executable_path/Frameworks";
				PRODUCT_NAME = "$(TARGET_NAME)";
			};
			name = Debug;
		};
		722FD2591A9F260D00C6BD96 /* Release */ = {
			isa = XCBuildConfiguration;
			buildSettings = {
				ASSETCATALOG_COMPILER_APPICON_NAME = AppIcon;
				INFOPLIST_FILE = Assignment2/Info.plist;
				LD_RUNPATH_SEARCH_PATHS = "$(inherited) @executable_path/Frameworks";
				PRODUCT_NAME = "$(TARGET_NAME)";
			};
			name = Release;
		};
		722FD25B1A9F260D00C6BD96 /* Debug */ = {
			isa = XCBuildConfiguration;
			buildSettings = {
				BUNDLE_LOADER = "$(TEST_HOST)";
				FRAMEWORK_SEARCH_PATHS = (
					"$(SDKROOT)/Developer/Library/Frameworks",
					"$(inherited)",
				);
				GCC_PREPROCESSOR_DEFINITIONS = (
					"DEBUG=1",
					"$(inherited)",
				);
				INFOPLIST_FILE = Assignment2Tests/Info.plist;
				LD_RUNPATH_SEARCH_PATHS = "$(inherited) @executable_path/Frameworks @loader_path/Frameworks";
				PRODUCT_NAME = "$(TARGET_NAME)";
				TEST_HOST = "$(BUILT_PRODUCTS_DIR)/Assignment2.app/Assignment2";
			};
			name = Debug;
		};
		722FD25C1A9F260D00C6BD96 /* Release */ = {
			isa = XCBuildConfiguration;
			buildSettings = {
				BUNDLE_LOADER = "$(TEST_HOST)";
				FRAMEWORK_SEARCH_PATHS = (
					"$(SDKROOT)/Developer/Library/Frameworks",
					"$(inherited)",
				);
				INFOPLIST_FILE = Assignment2Tests/Info.plist;
				LD_RUNPATH_SEARCH_PATHS = "$(inherited) @executable_path/Frameworks @loader_path/Frameworks";
				PRODUCT_NAME = "$(TARGET_NAME)";
				TEST_HOST = "$(BUILT_PRODUCTS_DIR)/Assignment2.app/Assignment2";
			};
			name = Release;
		};
/* End XCBuildConfiguration section */

/* Begin XCConfigurationList section */
		722FD2331A9F260D00C6BD96 /* Build configuration list for PBXProject "Assignment2" */ = {
			isa = XCConfigurationList;
			buildConfigurations = (
				722FD2551A9F260D00C6BD96 /* Debug */,
				722FD2561A9F260D00C6BD96 /* Release */,
			);
			defaultConfigurationIsVisible = 0;
			defaultConfigurationName = Release;
		};
		722FD2571A9F260D00C6BD96 /* Build configuration list for PBXNativeTarget "Assignment2" */ = {
			isa = XCConfigurationList;
			buildConfigurations = (
				722FD2581A9F260D00C6BD96 /* Debug */,
				722FD2591A9F260D00C6BD96 /* Release */,
			);
			defaultConfigurationIsVisible = 0;
			defaultConfigurationName = Release;
		};
		722FD25A1A9F260D00C6BD96 /* Build configuration list for PBXNativeTarget "Assignment2Tests" */ = {
			isa = XCConfigurationList;
			buildConfigurations = (
				722FD25B1A9F260D00C6BD96 /* Debug */,
				722FD25C1A9F260D00C6BD96 /* Release */,
			);
			defaultConfigurationIsVisible = 0;
			defaultConfigurationName = Release;
		};
/* End XCConfigurationList section */
	};
	rootObject = 722FD2301A9F260D00C6BD96 /* Project object */;
}
